
Microsoft Visual Studio Solution File, Format Version 12.00
# Visual Studio Version 16
VisualStudioVersion = 25.0.1700.7
MinimumVisualStudioVersion = 10.0.40219.1
Project("{FAE04EC0-301F-11D3-BF4B-00C04F79EFBC}") = "UniverseQuery", "UniverseQuery.csproj", "{FAE9DE4A-1B5A-4DAC-AC5C-5FB7DA352272}"
EndProject
Global
	GlobalSection(SolutionConfigurationPlatforms) = preSolution
		Debug|Any CPU = Debug|Any CPU
		Release|Any CPU = Release|Any CPU
	EndGlobalSection
	GlobalSection(ProjectConfigurationPlatforms) = postSolution
		{FAE9DE4A-1B5A-4DAC-AC5C-5FB7DA352272}.Debug|Any CPU.ActiveCfg = Debug|Any CPU
		{FAE9DE4A-1B5A-4DAC-AC5C-5FB7DA352272}.Debug|Any CPU.Build.0 = Debug|Any CPU
		{FAE9DE4A-1B5A-4DAC-AC5C-5FB7DA352272}.Release|Any CPU.ActiveCfg = Release|Any CPU
		{FAE9DE4A-1B5A-4DAC-AC5C-5FB7DA352272}.Release|Any CPU.Build.0 = Release|Any CPU
	EndGlobalSection
	GlobalSection(SolutionProperties) = preSolution
		HideSolutionNode = FALSE
	EndGlobalSection
	GlobalSection(ExtensibilityGlobals) = postSolution
		SolutionGuid = {FB2600EE-6100-4266-B35B-2A5A4B542EC2}
	EndGlobalSection
EndGlobal
